
Microsoft Visual Studio Solution File, Format Version 12.00
# Visual Studio Version 17
VisualStudioVersion = 17.7.34221.43
MinimumVisualStudioVersion = 10.0.40219.1
Project("{8BC9CEB8-8B4A-11D0-8D11-00A0C91BC942}") = "Common", "Common\Common.vcxproj", "{2C16AEEA-CDB7-4F4F-8563-11CCBE3C3477}"
EndProject
Project("{8BC9CEB8-8B4A-11D0-8D11-00A0C91BC942}") = "Test", "Test\Test.vcxproj", "{958C030D-C371-4AAA-B644-7A7DDA0D9ACD}"
EndProject
Global
	GlobalSection(SolutionConfigurationPlatforms) = preSolution
		Debug|x64 = Debug|x64
		Debug|x86 = Debug|x86
		Release|x64 = Release|x64
		Release|x86 = Release|x86
	EndGlobalSection
	GlobalSection(ProjectConfigurationPlatforms) = postSolution
		{2C16AEEA-CDB7-4F4F-8563-11CCBE3C3477}.Debug|x64.ActiveCfg = Debug|x64
		{2C16AEEA-CDB7-4F4F-8563-11CCBE3C3477}.Debug|x64.Build.0 = Debug|x64
		{2C16AEEA-CDB7-4F4F-8563-11CCBE3C3477}.Debug|x86.ActiveCfg = Debug|Win32
		{2C16AEEA-CDB7-4F4F-8563-11CCBE3C3477}.Debug|x86.Build.0 = Debug|Win32
		{2C16AEEA-CDB7-4F4F-8563-11CCBE3C3477}.Release|x64.ActiveCfg = Release|x64
		{2C16AEEA-CDB7-4F4F-8563-11CCBE3C3477}.Release|x64.Build.0 = Release|x64
		{2C16AEEA-CDB7-4F4F-8563-11CCBE3C3477}.Release|x86.ActiveCfg = Release|Win32
		{2C16AEEA-CDB7-4F4F-8563-11CCBE3C3477}.Release|x86.Build.0 = Release|Win32
		{958C030D-C371-4AAA-B644-7A7DDA0D9ACD}.Debug|x64.ActiveCfg = Debug|x64
		{958C030D-C371-4AAA-B644-7A7DDA0D9ACD}.Debug|x64.Build.0 = Debug|x64
		{958C030D-C371-4AAA-B644-7A7DDA0D9ACD}.Debug|x86.ActiveCfg = Debug|Win32
		{958C030D-C371-4AAA-B644-7A7DDA0D9ACD}.Debug|x86.Build.0 = Debug|Win32
		{958C030D-C371-4AAA-B644-7A7DDA0D9ACD}.Release|x64.ActiveCfg = Release|x64
		{958C030D-C371-4AAA-B644-7A7DDA0D9ACD}.Release|x64.Build.0 = Release|x64
		{958C030D-C371-4AAA-B644-7A7DDA0D9ACD}.Release|x86.ActiveCfg = Release|Win32
		{958C030D-C371-4AAA-B644-7A7DDA0D9ACD}.Release|x86.Build.0 = Release|Win32
	EndGlobalSection
	GlobalSection(SolutionProperties) = preSolution
		HideSolutionNode = FALSE
	EndGlobalSection
	GlobalSection(ExtensibilityGlobals) = postSolution
		SolutionGuid = {F74768B0-6F9F-4D81-A73D-B64239DCBD12}
	EndGlobalSection
EndGlobal
