
Microsoft Visual Studio Solution File, Format Version 12.00
# Visual Studio Version 17
VisualStudioVersion = 17.7.34221.43
MinimumVisualStudioVersion = 10.0.40219.1
Project("{8BC9CEB8-8B4A-11D0-8D11-00A0C91BC942}") = "Core", "Core\Core.vcxproj", "{2C16AEEA-CDB7-4F4F-8563-11CCBE3C3477}"
EndProject
Project("{8BC9CEB8-8B4A-11D0-8D11-00A0C91BC942}") = "Z_Test", "Test\Test.vcxproj", "{958C030D-C371-4AAA-B644-7A7DDA0D9ACD}"
EndProject
Project("{8BC9CEB8-8B4A-11D0-8D11-00A0C91BC942}") = "Hash", "Hash\Hash.vcxproj", "{BAFFD1D2-E413-44D9-BBBC-4DB11395F8AC}"
EndProject
Project("{8BC9CEB8-8B4A-11D0-8D11-00A0C91BC942}") = "Debug", "Debug\Debug.vcxproj", "{B5B6F657-4AF8-4985-98B0-001772C12C87}"
EndProject
Project("{8BC9CEB8-8B4A-11D0-8D11-00A0C91BC942}") = "Time", "Time\Time.vcxproj", "{CD2C9419-2B18-4B90-856F-A894222EF40E}"
EndProject
Project("{8BC9CEB8-8B4A-11D0-8D11-00A0C91BC942}") = "Timer", "Timer\Timer.vcxproj", "{FBA43772-A5C8-4BFD-8BC9-2090A0E0BE40}"
EndProject
Project("{8BC9CEB8-8B4A-11D0-8D11-00A0C91BC942}") = "InPut", "InPut\InPut.vcxproj", "{A588A965-B180-42FD-9B80-042E2BBB931D}"
EndProject
Project("{8BC9CEB8-8B4A-11D0-8D11-00A0C91BC942}") = "Str", "Str\Str.vcxproj", "{110162B1-147A-423A-B0B5-993928522134}"
EndProject
Project("{8BC9CEB8-8B4A-11D0-8D11-00A0C91BC942}") = "FileSys", "FileSys\FileSys.vcxproj", "{D477382B-9541-4762-9119-2FBF3DF3B97C}"
EndProject
Project("{8BC9CEB8-8B4A-11D0-8D11-00A0C91BC942}") = "File_CSV", "CSV\CSV.vcxproj", "{B110A4E3-4EAC-4E74-86F2-D940A4AB5F73}"
EndProject
Project("{8BC9CEB8-8B4A-11D0-8D11-00A0C91BC942}") = "File_Json", "File_Json\File_Json.vcxproj", "{DF8C2D33-836C-45F0-A27A-36FCAA07A85F}"
EndProject
Project("{8BC9CEB8-8B4A-11D0-8D11-00A0C91BC942}") = "File_ini", "File_ini\File_ini.vcxproj", "{9D1C1693-F7D1-4034-8A52-7319C0384EC9}"
EndProject
Project("{8BC9CEB8-8B4A-11D0-8D11-00A0C91BC942}") = "File_Yaml", "Yaml\Yaml.vcxproj", "{8D9FABF9-D9A9-4A6A-9FE9-8A5B1D7C1FDD}"
EndProject
Project("{8BC9CEB8-8B4A-11D0-8D11-00A0C91BC942}") = "CoreTest", "CoreTest\CoreTest.vcxproj", "{526B7E14-AE9D-4E30-A9C9-A2805AF88B21}"
EndProject
Project("{8BC9CEB8-8B4A-11D0-8D11-00A0C91BC942}") = "Log", "Log\Log.vcxproj", "{BBC8190B-2DA0-4A73-BCCD-41BFFB72582B}"
EndProject
Global
	GlobalSection(SolutionConfigurationPlatforms) = preSolution
		Debug|x64 = Debug|x64
		Debug|x86 = Debug|x86
		Release|x64 = Release|x64
		Release|x86 = Release|x86
	EndGlobalSection
	GlobalSection(ProjectConfigurationPlatforms) = postSolution
		{2C16AEEA-CDB7-4F4F-8563-11CCBE3C3477}.Debug|x64.ActiveCfg = Debug|x64
		{2C16AEEA-CDB7-4F4F-8563-11CCBE3C3477}.Debug|x64.Build.0 = Debug|x64
		{2C16AEEA-CDB7-4F4F-8563-11CCBE3C3477}.Debug|x86.ActiveCfg = Debug|Win32
		{2C16AEEA-CDB7-4F4F-8563-11CCBE3C3477}.Debug|x86.Build.0 = Debug|Win32
		{2C16AEEA-CDB7-4F4F-8563-11CCBE3C3477}.Release|x64.ActiveCfg = Release|x64
		{2C16AEEA-CDB7-4F4F-8563-11CCBE3C3477}.Release|x64.Build.0 = Release|x64
		{2C16AEEA-CDB7-4F4F-8563-11CCBE3C3477}.Release|x86.ActiveCfg = Release|Win32
		{2C16AEEA-CDB7-4F4F-8563-11CCBE3C3477}.Release|x86.Build.0 = Release|Win32
		{958C030D-C371-4AAA-B644-7A7DDA0D9ACD}.Debug|x64.ActiveCfg = Debug|x64
		{958C030D-C371-4AAA-B644-7A7DDA0D9ACD}.Debug|x64.Build.0 = Debug|x64
		{958C030D-C371-4AAA-B644-7A7DDA0D9ACD}.Debug|x86.ActiveCfg = Debug|Win32
		{958C030D-C371-4AAA-B644-7A7DDA0D9ACD}.Debug|x86.Build.0 = Debug|Win32
		{958C030D-C371-4AAA-B644-7A7DDA0D9ACD}.Release|x64.ActiveCfg = Release|x64
		{958C030D-C371-4AAA-B644-7A7DDA0D9ACD}.Release|x64.Build.0 = Release|x64
		{958C030D-C371-4AAA-B644-7A7DDA0D9ACD}.Release|x86.ActiveCfg = Release|Win32
		{958C030D-C371-4AAA-B644-7A7DDA0D9ACD}.Release|x86.Build.0 = Release|Win32
		{BAFFD1D2-E413-44D9-BBBC-4DB11395F8AC}.Debug|x64.ActiveCfg = Debug|x64
		{BAFFD1D2-E413-44D9-BBBC-4DB11395F8AC}.Debug|x64.Build.0 = Debug|x64
		{BAFFD1D2-E413-44D9-BBBC-4DB11395F8AC}.Debug|x86.ActiveCfg = Debug|Win32
		{BAFFD1D2-E413-44D9-BBBC-4DB11395F8AC}.Debug|x86.Build.0 = Debug|Win32
		{BAFFD1D2-E413-44D9-BBBC-4DB11395F8AC}.Release|x64.ActiveCfg = Release|x64
		{BAFFD1D2-E413-44D9-BBBC-4DB11395F8AC}.Release|x64.Build.0 = Release|x64
		{BAFFD1D2-E413-44D9-BBBC-4DB11395F8AC}.Release|x86.ActiveCfg = Release|Win32
		{BAFFD1D2-E413-44D9-BBBC-4DB11395F8AC}.Release|x86.Build.0 = Release|Win32
		{B5B6F657-4AF8-4985-98B0-001772C12C87}.Debug|x64.ActiveCfg = Debug|x64
		{B5B6F657-4AF8-4985-98B0-001772C12C87}.Debug|x64.Build.0 = Debug|x64
		{B5B6F657-4AF8-4985-98B0-001772C12C87}.Debug|x86.ActiveCfg = Debug|Win32
		{B5B6F657-4AF8-4985-98B0-001772C12C87}.Debug|x86.Build.0 = Debug|Win32
		{B5B6F657-4AF8-4985-98B0-001772C12C87}.Release|x64.ActiveCfg = Release|x64
		{B5B6F657-4AF8-4985-98B0-001772C12C87}.Release|x64.Build.0 = Release|x64
		{B5B6F657-4AF8-4985-98B0-001772C12C87}.Release|x86.ActiveCfg = Release|Win32
		{B5B6F657-4AF8-4985-98B0-001772C12C87}.Release|x86.Build.0 = Release|Win32
		{CD2C9419-2B18-4B90-856F-A894222EF40E}.Debug|x64.ActiveCfg = Debug|x64
		{CD2C9419-2B18-4B90-856F-A894222EF40E}.Debug|x64.Build.0 = Debug|x64
		{CD2C9419-2B18-4B90-856F-A894222EF40E}.Debug|x86.ActiveCfg = Debug|Win32
		{CD2C9419-2B18-4B90-856F-A894222EF40E}.Debug|x86.Build.0 = Debug|Win32
		{CD2C9419-2B18-4B90-856F-A894222EF40E}.Release|x64.ActiveCfg = Release|x64
		{CD2C9419-2B18-4B90-856F-A894222EF40E}.Release|x64.Build.0 = Release|x64
		{CD2C9419-2B18-4B90-856F-A894222EF40E}.Release|x86.ActiveCfg = Release|Win32
		{CD2C9419-2B18-4B90-856F-A894222EF40E}.Release|x86.Build.0 = Release|Win32
		{FBA43772-A5C8-4BFD-8BC9-2090A0E0BE40}.Debug|x64.ActiveCfg = Debug|x64
		{FBA43772-A5C8-4BFD-8BC9-2090A0E0BE40}.Debug|x64.Build.0 = Debug|x64
		{FBA43772-A5C8-4BFD-8BC9-2090A0E0BE40}.Debug|x86.ActiveCfg = Debug|Win32
		{FBA43772-A5C8-4BFD-8BC9-2090A0E0BE40}.Debug|x86.Build.0 = Debug|Win32
		{FBA43772-A5C8-4BFD-8BC9-2090A0E0BE40}.Release|x64.ActiveCfg = Release|x64
		{FBA43772-A5C8-4BFD-8BC9-2090A0E0BE40}.Release|x64.Build.0 = Release|x64
		{FBA43772-A5C8-4BFD-8BC9-2090A0E0BE40}.Release|x86.ActiveCfg = Release|Win32
		{FBA43772-A5C8-4BFD-8BC9-2090A0E0BE40}.Release|x86.Build.0 = Release|Win32
		{A588A965-B180-42FD-9B80-042E2BBB931D}.Debug|x64.ActiveCfg = Debug|x64
		{A588A965-B180-42FD-9B80-042E2BBB931D}.Debug|x64.Build.0 = Debug|x64
		{A588A965-B180-42FD-9B80-042E2BBB931D}.Debug|x86.ActiveCfg = Debug|Win32
		{A588A965-B180-42FD-9B80-042E2BBB931D}.Debug|x86.Build.0 = Debug|Win32
		{A588A965-B180-42FD-9B80-042E2BBB931D}.Release|x64.ActiveCfg = Release|x64
		{A588A965-B180-42FD-9B80-042E2BBB931D}.Release|x64.Build.0 = Release|x64
		{A588A965-B180-42FD-9B80-042E2BBB931D}.Release|x86.ActiveCfg = Release|Win32
		{A588A965-B180-42FD-9B80-042E2BBB931D}.Release|x86.Build.0 = Release|Win32
		{110162B1-147A-423A-B0B5-993928522134}.Debug|x64.ActiveCfg = Debug|x64
		{110162B1-147A-423A-B0B5-993928522134}.Debug|x64.Build.0 = Debug|x64
		{110162B1-147A-423A-B0B5-993928522134}.Debug|x86.ActiveCfg = Debug|Win32
		{110162B1-147A-423A-B0B5-993928522134}.Debug|x86.Build.0 = Debug|Win32
		{110162B1-147A-423A-B0B5-993928522134}.Release|x64.ActiveCfg = Release|x64
		{110162B1-147A-423A-B0B5-993928522134}.Release|x64.Build.0 = Release|x64
		{110162B1-147A-423A-B0B5-993928522134}.Release|x86.ActiveCfg = Release|Win32
		{110162B1-147A-423A-B0B5-993928522134}.Release|x86.Build.0 = Release|Win32
		{D477382B-9541-4762-9119-2FBF3DF3B97C}.Debug|x64.ActiveCfg = Debug|x64
		{D477382B-9541-4762-9119-2FBF3DF3B97C}.Debug|x64.Build.0 = Debug|x64
		{D477382B-9541-4762-9119-2FBF3DF3B97C}.Debug|x86.ActiveCfg = Debug|Win32
		{D477382B-9541-4762-9119-2FBF3DF3B97C}.Debug|x86.Build.0 = Debug|Win32
		{D477382B-9541-4762-9119-2FBF3DF3B97C}.Release|x64.ActiveCfg = Release|x64
		{D477382B-9541-4762-9119-2FBF3DF3B97C}.Release|x64.Build.0 = Release|x64
		{D477382B-9541-4762-9119-2FBF3DF3B97C}.Release|x86.ActiveCfg = Release|Win32
		{D477382B-9541-4762-9119-2FBF3DF3B97C}.Release|x86.Build.0 = Release|Win32
		{B110A4E3-4EAC-4E74-86F2-D940A4AB5F73}.Debug|x64.ActiveCfg = Debug|x64
		{B110A4E3-4EAC-4E74-86F2-D940A4AB5F73}.Debug|x64.Build.0 = Debug|x64
		{B110A4E3-4EAC-4E74-86F2-D940A4AB5F73}.Debug|x86.ActiveCfg = Debug|Win32
		{B110A4E3-4EAC-4E74-86F2-D940A4AB5F73}.Debug|x86.Build.0 = Debug|Win32
		{B110A4E3-4EAC-4E74-86F2-D940A4AB5F73}.Release|x64.ActiveCfg = Release|x64
		{B110A4E3-4EAC-4E74-86F2-D940A4AB5F73}.Release|x64.Build.0 = Release|x64
		{B110A4E3-4EAC-4E74-86F2-D940A4AB5F73}.Release|x86.ActiveCfg = Release|Win32
		{B110A4E3-4EAC-4E74-86F2-D940A4AB5F73}.Release|x86.Build.0 = Release|Win32
		{DF8C2D33-836C-45F0-A27A-36FCAA07A85F}.Debug|x64.ActiveCfg = Debug|x64
		{DF8C2D33-836C-45F0-A27A-36FCAA07A85F}.Debug|x64.Build.0 = Debug|x64
		{DF8C2D33-836C-45F0-A27A-36FCAA07A85F}.Debug|x86.ActiveCfg = Debug|Win32
		{DF8C2D33-836C-45F0-A27A-36FCAA07A85F}.Debug|x86.Build.0 = Debug|Win32
		{DF8C2D33-836C-45F0-A27A-36FCAA07A85F}.Release|x64.ActiveCfg = Release|x64
		{DF8C2D33-836C-45F0-A27A-36FCAA07A85F}.Release|x64.Build.0 = Release|x64
		{DF8C2D33-836C-45F0-A27A-36FCAA07A85F}.Release|x86.ActiveCfg = Release|Win32
		{DF8C2D33-836C-45F0-A27A-36FCAA07A85F}.Release|x86.Build.0 = Release|Win32
		{9D1C1693-F7D1-4034-8A52-7319C0384EC9}.Debug|x64.ActiveCfg = Debug|x64
		{9D1C1693-F7D1-4034-8A52-7319C0384EC9}.Debug|x64.Build.0 = Debug|x64
		{9D1C1693-F7D1-4034-8A52-7319C0384EC9}.Debug|x86.ActiveCfg = Debug|Win32
		{9D1C1693-F7D1-4034-8A52-7319C0384EC9}.Debug|x86.Build.0 = Debug|Win32
		{9D1C1693-F7D1-4034-8A52-7319C0384EC9}.Release|x64.ActiveCfg = Release|x64
		{9D1C1693-F7D1-4034-8A52-7319C0384EC9}.Release|x64.Build.0 = Release|x64
		{9D1C1693-F7D1-4034-8A52-7319C0384EC9}.Release|x86.ActiveCfg = Release|Win32
		{9D1C1693-F7D1-4034-8A52-7319C0384EC9}.Release|x86.Build.0 = Release|Win32
		{8D9FABF9-D9A9-4A6A-9FE9-8A5B1D7C1FDD}.Debug|x64.ActiveCfg = Debug|x64
		{8D9FABF9-D9A9-4A6A-9FE9-8A5B1D7C1FDD}.Debug|x64.Build.0 = Debug|x64
		{8D9FABF9-D9A9-4A6A-9FE9-8A5B1D7C1FDD}.Debug|x86.ActiveCfg = Debug|Win32
		{8D9FABF9-D9A9-4A6A-9FE9-8A5B1D7C1FDD}.Debug|x86.Build.0 = Debug|Win32
		{8D9FABF9-D9A9-4A6A-9FE9-8A5B1D7C1FDD}.Release|x64.ActiveCfg = Release|x64
		{8D9FABF9-D9A9-4A6A-9FE9-8A5B1D7C1FDD}.Release|x64.Build.0 = Release|x64
		{8D9FABF9-D9A9-4A6A-9FE9-8A5B1D7C1FDD}.Release|x86.ActiveCfg = Release|Win32
		{8D9FABF9-D9A9-4A6A-9FE9-8A5B1D7C1FDD}.Release|x86.Build.0 = Release|Win32
		{526B7E14-AE9D-4E30-A9C9-A2805AF88B21}.Debug|x64.ActiveCfg = Debug|x64
		{526B7E14-AE9D-4E30-A9C9-A2805AF88B21}.Debug|x64.Build.0 = Debug|x64
		{526B7E14-AE9D-4E30-A9C9-A2805AF88B21}.Debug|x86.ActiveCfg = Debug|Win32
		{526B7E14-AE9D-4E30-A9C9-A2805AF88B21}.Debug|x86.Build.0 = Debug|Win32
		{526B7E14-AE9D-4E30-A9C9-A2805AF88B21}.Release|x64.ActiveCfg = Release|x64
		{526B7E14-AE9D-4E30-A9C9-A2805AF88B21}.Release|x64.Build.0 = Release|x64
		{526B7E14-AE9D-4E30-A9C9-A2805AF88B21}.Release|x86.ActiveCfg = Release|Win32
		{526B7E14-AE9D-4E30-A9C9-A2805AF88B21}.Release|x86.Build.0 = Release|Win32
		{BBC8190B-2DA0-4A73-BCCD-41BFFB72582B}.Debug|x64.ActiveCfg = Debug|x64
		{BBC8190B-2DA0-4A73-BCCD-41BFFB72582B}.Debug|x64.Build.0 = Debug|x64
		{BBC8190B-2DA0-4A73-BCCD-41BFFB72582B}.Debug|x86.ActiveCfg = Debug|Win32
		{BBC8190B-2DA0-4A73-BCCD-41BFFB72582B}.Debug|x86.Build.0 = Debug|Win32
		{BBC8190B-2DA0-4A73-BCCD-41BFFB72582B}.Release|x64.ActiveCfg = Release|x64
		{BBC8190B-2DA0-4A73-BCCD-41BFFB72582B}.Release|x64.Build.0 = Release|x64
		{BBC8190B-2DA0-4A73-BCCD-41BFFB72582B}.Release|x86.ActiveCfg = Release|Win32
		{BBC8190B-2DA0-4A73-BCCD-41BFFB72582B}.Release|x86.Build.0 = Release|Win32
	EndGlobalSection
	GlobalSection(SolutionProperties) = preSolution
		HideSolutionNode = FALSE
	EndGlobalSection
	GlobalSection(ExtensibilityGlobals) = postSolution
		SolutionGuid = {F74768B0-6F9F-4D81-A73D-B64239DCBD12}
	EndGlobalSection
EndGlobal
